
Microsoft Visual Studio Solution File, Format Version 12.00
# Visual Studio Version 16
VisualStudioVersion = 25.0.1703.0
MinimumVisualStudioVersion = 10.0.40219.1
Project("{2150E333-8FDC-42A3-9474-1A3956D46DE8}") = "src", "src", "{7A92F69F-093E-4515-96D4-B2BAC658640C}"
EndProject
Project("{2150E333-8FDC-42A3-9474-1A3956D46DE8}") = "Core", "Core", "{23077ED3-A4B3-4D79-87D4-EAFE520EE5B1}"
EndProject
Project("{FAE04EC0-301F-11D3-BF4B-00C04F79EFBC}") = "OnionStart.Domain", "src\Core\OnionStart.Domain\OnionStart.Domain.csproj", "{9335EC5F-84D0-40F1-81BC-10C0A00A8176}"
EndProject
Project("{FAE04EC0-301F-11D3-BF4B-00C04F79EFBC}") = "OnionStart.Application", "src\Core\OnionStart.Application\OnionStart.Application.csproj", "{47152931-4C78-4B28-B65B-6FF4FD5A9488}"
EndProject
Project("{2150E333-8FDC-42A3-9474-1A3956D46DE8}") = "Infrastructure", "Infrastructure", "{024CFDD6-0F6D-4922-975D-1C160AB67D37}"
EndProject
Project("{FAE04EC0-301F-11D3-BF4B-00C04F79EFBC}") = "OnionStart.Persistance", "src\Infrastructure\OnionStart.Persistance\OnionStart.Persistance.csproj", "{9CB884DF-4172-4248-81DC-C31716D2604C}"
EndProject
Global
	GlobalSection(SolutionConfigurationPlatforms) = preSolution
		Debug|Any CPU = Debug|Any CPU
		Release|Any CPU = Release|Any CPU
	EndGlobalSection
	GlobalSection(ProjectConfigurationPlatforms) = postSolution
		{9335EC5F-84D0-40F1-81BC-10C0A00A8176}.Debug|Any CPU.ActiveCfg = Debug|Any CPU
		{9335EC5F-84D0-40F1-81BC-10C0A00A8176}.Debug|Any CPU.Build.0 = Debug|Any CPU
		{9335EC5F-84D0-40F1-81BC-10C0A00A8176}.Release|Any CPU.ActiveCfg = Release|Any CPU
		{9335EC5F-84D0-40F1-81BC-10C0A00A8176}.Release|Any CPU.Build.0 = Release|Any CPU
		{47152931-4C78-4B28-B65B-6FF4FD5A9488}.Debug|Any CPU.ActiveCfg = Debug|Any CPU
		{47152931-4C78-4B28-B65B-6FF4FD5A9488}.Debug|Any CPU.Build.0 = Debug|Any CPU
		{47152931-4C78-4B28-B65B-6FF4FD5A9488}.Release|Any CPU.ActiveCfg = Release|Any CPU
		{47152931-4C78-4B28-B65B-6FF4FD5A9488}.Release|Any CPU.Build.0 = Release|Any CPU
		{9CB884DF-4172-4248-81DC-C31716D2604C}.Debug|Any CPU.ActiveCfg = Debug|Any CPU
		{9CB884DF-4172-4248-81DC-C31716D2604C}.Debug|Any CPU.Build.0 = Debug|Any CPU
		{9CB884DF-4172-4248-81DC-C31716D2604C}.Release|Any CPU.ActiveCfg = Release|Any CPU
		{9CB884DF-4172-4248-81DC-C31716D2604C}.Release|Any CPU.Build.0 = Release|Any CPU
	EndGlobalSection
	GlobalSection(SolutionProperties) = preSolution
		HideSolutionNode = FALSE
	EndGlobalSection
	GlobalSection(ExtensibilityGlobals) = postSolution
		SolutionGuid = {74315362-BA0D-42A1-B0C1-79D939234479}
	EndGlobalSection
	GlobalSection(NestedProjects) = preSolution
		{23077ED3-A4B3-4D79-87D4-EAFE520EE5B1} = {7A92F69F-093E-4515-96D4-B2BAC658640C}
		{9335EC5F-84D0-40F1-81BC-10C0A00A8176} = {23077ED3-A4B3-4D79-87D4-EAFE520EE5B1}
		{47152931-4C78-4B28-B65B-6FF4FD5A9488} = {23077ED3-A4B3-4D79-87D4-EAFE520EE5B1}
		{024CFDD6-0F6D-4922-975D-1C160AB67D37} = {7A92F69F-093E-4515-96D4-B2BAC658640C}
		{9CB884DF-4172-4248-81DC-C31716D2604C} = {024CFDD6-0F6D-4922-975D-1C160AB67D37}
	EndGlobalSection
EndGlobal
